
Microsoft Visual Studio Solution File, Format Version 12.00
# Visual Studio Version 17
VisualStudioVersion = 17.13.35931.197
MinimumVisualStudioVersion = 10.0.40219.1
Project("{FAE04EC0-301F-11D3-BF4B-00C04F79EFBC}") = "View", "View\View.csproj", "{C044C6AE-88A1-4EF6-B4E4-F9ACB805A800}"
EndProject
Project("{FAE04EC0-301F-11D3-BF4B-00C04F79EFBC}") = "ControllerModel", "ControllerModel\ControllerModel.csproj", "{CC0CBCCF-0AD6-4359-9C48-7C7CE097844F}"
EndProject
Project("{FAE04EC0-301F-11D3-BF4B-00C04F79EFBC}") = "WPFApp", "WPFApp\WPFApp.csproj", "{BB3215A6-7882-4489-9693-7BAC71B2358A}"
EndProject
Global
	GlobalSection(SolutionConfigurationPlatforms) = preSolution
		Debug|Any CPU = Debug|Any CPU
		Release|Any CPU = Release|Any CPU
	EndGlobalSection
	GlobalSection(ProjectConfigurationPlatforms) = postSolution
		{C044C6AE-88A1-4EF6-B4E4-F9ACB805A800}.Debug|Any CPU.ActiveCfg = Debug|Any CPU
		{C044C6AE-88A1-4EF6-B4E4-F9ACB805A800}.Debug|Any CPU.Build.0 = Debug|Any CPU
		{C044C6AE-88A1-4EF6-B4E4-F9ACB805A800}.Release|Any CPU.ActiveCfg = Release|Any CPU
		{C044C6AE-88A1-4EF6-B4E4-F9ACB805A800}.Release|Any CPU.Build.0 = Release|Any CPU
		{CC0CBCCF-0AD6-4359-9C48-7C7CE097844F}.Debug|Any CPU.ActiveCfg = Debug|Any CPU
		{CC0CBCCF-0AD6-4359-9C48-7C7CE097844F}.Debug|Any CPU.Build.0 = Debug|Any CPU
		{CC0CBCCF-0AD6-4359-9C48-7C7CE097844F}.Release|Any CPU.ActiveCfg = Release|Any CPU
		{CC0CBCCF-0AD6-4359-9C48-7C7CE097844F}.Release|Any CPU.Build.0 = Release|Any CPU
	EndGlobalSection
	GlobalSection(SolutionProperties) = preSolution
		HideSolutionNode = FALSE
	EndGlobalSection
	GlobalSection(ExtensibilityGlobals) = postSolution
		SolutionGuid = {42B337ED-FAAA-40BE-990B-8706CB812235}
	EndGlobalSection
EndGlobal
